
Microsoft Visual Studio Solution File, Format Version 12.00
# Visual Studio Version 16
VisualStudioVersion = 16.0.29424.173
MinimumVisualStudioVersion = 10.0.40219.1
Project("{FAE04EC0-301F-11D3-BF4B-00C04F79EFBC}") = "TAG_CP.Pages", "TAG_CP.Pages.csproj", "{A66BB6B3-068E-4B34-8FD2-FB263D9653DD}"
EndProject
Global
	GlobalSection(SolutionConfigurationPlatforms) = preSolution
		Debug|Any CPU = Debug|Any CPU
		Release|Any CPU = Release|Any CPU
	EndGlobalSection
	GlobalSection(ProjectConfigurationPlatforms) = postSolution
		{A66BB6B3-068E-4B34-8FD2-FB263D9653DD}.Debug|Any CPU.ActiveCfg = Debug|Any CPU
		{A66BB6B3-068E-4B34-8FD2-FB263D9653DD}.Debug|Any CPU.Build.0 = Debug|Any CPU
		{A66BB6B3-068E-4B34-8FD2-FB263D9653DD}.Release|Any CPU.ActiveCfg = Release|Any CPU
		{A66BB6B3-068E-4B34-8FD2-FB263D9653DD}.Release|Any CPU.Build.0 = Release|Any CPU
	EndGlobalSection
	GlobalSection(SolutionProperties) = preSolution
		HideSolutionNode = FALSE
	EndGlobalSection
	GlobalSection(ExtensibilityGlobals) = postSolution
		SolutionGuid = {79994CC9-DE08-4BE1-95D0-7BEDBC8384E4}
	EndGlobalSection
EndGlobal
